Microsoft Visual Studio Solution File, Format Version 11.00
# Visual Studio 2008

Project("{C3A3F4E2-B677-8BE9-8606-FD28969F4E05}") = "explosive_pacman", "Assembly-CSharp.csproj", "{0491C714-B768-D7B1-5098-8F45E99BE5D0}"
EndProject
Global
	GlobalSection(SolutionConfigurationPlatforms) = preSolution
		Debug|Any CPU = Debug|Any CPU
		Release|Any CPU = Release|Any CPU
	EndGlobalSection
	GlobalSection(ProjectConfigurationPlatforms) = postSolution
		{0491C714-B768-D7B1-5098-8F45E99BE5D0}.Debug|Any CPU.ActiveCfg = Debug|Any CPU
		{0491C714-B768-D7B1-5098-8F45E99BE5D0}.Debug|Any CPU.Build.0 = Debug|Any CPU
		{0491C714-B768-D7B1-5098-8F45E99BE5D0}.Release|Any CPU.ActiveCfg = Release|Any CPU
		{0491C714-B768-D7B1-5098-8F45E99BE5D0}.Release|Any CPU.Build.0 = Release|Any CPU
	EndGlobalSection
	GlobalSection(SolutionProperties) = preSolution
		HideSolutionNode = FALSE
	EndGlobalSection
	GlobalSection(MonoDevelopProperties) = preSolution
		StartupItem = Assembly-CSharp.csproj
	EndGlobalSection
EndGlobal
